<?xml version="1.0" encoding="utf-8"?>
<Project ToolsVersion="4.0" xmlns="http://schemas.microsoft.com/developer/msbuild/2003">
  <ItemGroup>
    <Filter Include="Luci">
      <UniqueIdentifier>{32BB887C-1EF2-890D-C7DE-6F10B3F4050F}</UniqueIdentifier>
    </Filter>
    <Filter Include="Luci\Events">
      <UniqueIdentifier>{D69A591A-4250-D20F-CB44-CCE637F9C813}</UniqueIdentifier>
    </Filter>
  </ItemGroup>
  <ItemGroup>
    <ClInclude Include="src\Luci.h" />
    <ClInclude Include="src\Luci\Application.h">
      <Filter>Luci</Filter>
    </ClInclude>
    <ClInclude Include="src\Luci\Core.h">
      <Filter>Luci</Filter>
    </ClInclude>
    <ClInclude Include="src\Luci\EntryPoint.h">
      <Filter>Luci</Filter>
    </ClInclude>
    <ClInclude Include="src\Luci\Events\ApplicationEvent.h">
      <Filter>Luci\Events</Filter>
    </ClInclude>
    <ClInclude Include="src\Luci\Events\Event.h">
      <Filter>Luci\Events</Filter>
    </ClInclude>
    <ClInclude Include="src\Luci\Events\KeyEvent.h">
      <Filter>Luci\Events</Filter>
    </ClInclude>
    <ClInclude Include="src\Luci\Events\MouseEvent.h">
      <Filter>Luci\Events</Filter>
    </ClInclude>
    <ClInclude Include="src\Luci\Log.h">
      <Filter>Luci</Filter>
    </ClInclude>
    <ClInclude Include="src\lucipch.h" />
  </ItemGroup>
  <ItemGroup>
    <ClCompile Include="src\Luci\Application.cpp">
      <Filter>Luci</Filter>
    </ClCompile>
    <ClCompile Include="src\Luci\Log.cpp">
      <Filter>Luci</Filter>
    </ClCompile>
    <ClCompile Include="src\lucipch.cpp" />
  </ItemGroup>
</Project>