<?xml version="1.0" encoding="utf-8"?>
<Project ToolsVersion="4.0" xmlns="http://schemas.microsoft.com/developer/msbuild/2003">
  <ItemGroup>
    <Filter Include="Luci">
      <UniqueIdentifier>{32BB887C-1EF2-890D-C7DE-6F10B3F4050F}</UniqueIdentifier>
    </Filter>
  </ItemGroup>
  <ItemGroup>
    <ClInclude Include="src\Luci.h" />
    <ClInclude Include="src\Luci\Application.h">
      <Filter>Luci</Filter>
    </ClInclude>
    <ClInclude Include="src\Luci\Core.h">
      <Filter>Luci</Filter>
    </ClInclude>
    <ClInclude Include="src\Luci\EntryPoint.h">
      <Filter>Luci</Filter>
    </ClInclude>
    <ClInclude Include="src\Luci\Log.h">
      <Filter>Luci</Filter>
    </ClInclude>
  </ItemGroup>
  <ItemGroup>
    <ClCompile Include="src\Luci\Application.cpp">
      <Filter>Luci</Filter>
    </ClCompile>
    <ClCompile Include="src\Luci\Log.cpp">
      <Filter>Luci</Filter>
    </ClCompile>
  </ItemGroup>
</Project>