<?xml version="1.0" encoding="utf-8"?>
<Project ToolsVersion="4.0" xmlns="http://schemas.microsoft.com/developer/msbuild/2003">
  <ItemGroup>
    <Filter Include="Luci">
      <UniqueIdentifier>{32BB887C-1EF2-890D-C7DE-6F10B3F4050F}</UniqueIdentifier>
    </Filter>
    <Filter Include="Luci\Events">
      <UniqueIdentifier>{D69A591A-4250-D20F-CB44-CCE637F9C813}</UniqueIdentifier>
    </Filter>
    <Filter Include="Luci\ImGui">
      <UniqueIdentifier>{DC4DD108-C805-1356-310D-ECB11DE4AD46}</UniqueIdentifier>
    </Filter>
    <Filter Include="Platform">
      <UniqueIdentifier>{2AC788B4-1694-E3BF-3FAD-D1672BD9184E}</UniqueIdentifier>
    </Filter>
    <Filter Include="Platform\OpenGL">
      <UniqueIdentifier>{1E7D2C1D-8A08-9AE1-9319-1DD6FF23F6E1}</UniqueIdentifier>
    </Filter>
    <Filter Include="Platform\Windows">
      <UniqueIdentifier>{64FBD71A-50F4-F66C-7926-DCF1657ED678}</UniqueIdentifier>
    </Filter>
  </ItemGroup>
  <ItemGroup>
    <ClInclude Include="src\Luci.h" />
    <ClInclude Include="src\Luci\Application.h">
      <Filter>Luci</Filter>
    </ClInclude>
    <ClInclude Include="src\Luci\Core.h">
      <Filter>Luci</Filter>
    </ClInclude>
    <ClInclude Include="src\Luci\EntryPoint.h">
      <Filter>Luci</Filter>
    </ClInclude>
    <ClInclude Include="src\Luci\Events\ApplicationEvent.h">
      <Filter>Luci\Events</Filter>
    </ClInclude>
    <ClInclude Include="src\Luci\Events\Event.h">
      <Filter>Luci\Events</Filter>
    </ClInclude>
    <ClInclude Include="src\Luci\Events\KeyEvent.h">
      <Filter>Luci\Events</Filter>
    </ClInclude>
    <ClInclude Include="src\Luci\Events\MouseEvent.h">
      <Filter>Luci\Events</Filter>
    </ClInclude>
    <ClInclude Include="src\Luci\ImGui\ImGuiLayer.h">
      <Filter>Luci\ImGui</Filter>
    </ClInclude>
    <ClInclude Include="src\Luci\Layer.h">
      <Filter>Luci</Filter>
    </ClInclude>
    <ClInclude Include="src\Luci\LayerStack.h">
      <Filter>Luci</Filter>
    </ClInclude>
    <ClInclude Include="src\Luci\Log.h">
      <Filter>Luci</Filter>
    </ClInclude>
    <ClInclude Include="src\Luci\Window.h">
      <Filter>Luci</Filter>
    </ClInclude>
    <ClInclude Include="src\Platform\OpenGL\ImGuiOpenGLRenderer.h">
      <Filter>Platform\OpenGL</Filter>
    </ClInclude>
    <ClInclude Include="src\Platform\Windows\WindowsWindow.h">
      <Filter>Platform\Windows</Filter>
    </ClInclude>
    <ClInclude Include="src\lucipch.h" />
  </ItemGroup>
  <ItemGroup>
    <ClCompile Include="src\Luci\Application.cpp">
      <Filter>Luci</Filter>
    </ClCompile>
    <ClCompile Include="src\Luci\ImGui\ImGuiLayer.cpp">
      <Filter>Luci\ImGui</Filter>
    </ClCompile>
    <ClCompile Include="src\Luci\Layer.cpp">
      <Filter>Luci</Filter>
    </ClCompile>
    <ClCompile Include="src\Luci\LayerStack.cpp">
      <Filter>Luci</Filter>
    </ClCompile>
    <ClCompile Include="src\Luci\Log.cpp">
      <Filter>Luci</Filter>
    </ClCompile>
    <ClCompile Include="src\Platform\OpenGL\ImGuiOpenGLRenderer.cpp">
      <Filter>Platform\OpenGL</Filter>
    </ClCompile>
    <ClCompile Include="src\Platform\Windows\WindowsWindow.cpp">
      <Filter>Platform\Windows</Filter>
    </ClCompile>
    <ClCompile Include="src\lucipch.cpp" />
  </ItemGroup>
</Project>